PODS:
  - Flutter (1.0.0)
  - web_print (0.0.1):
    - Flutter

DEPENDENCIES:
  - Flutter (from `Flutter`)
  - web_print (from `.symlinks/plugins/web_print/ios`)

EXTERNAL SOURCES:
  Flutter:
    :path: Flutter
  web_print:
    :path: ".symlinks/plugins/web_print/ios"

SPEC CHECKSUMS:
  Flutter: 434fef37c0980e73bb6479ef766c45957d4b510c
  web_print: d7efa2b3e50c5de2bd10bbba5bb4cb7bfd72abc0

PODFILE CHECKSUM: aafe91acc616949ddb318b77800a7f51bffa2a4c

COCOAPODS: 1.10.1
